<?xml version="1.0" encoding="utf-8"?>
<Project ToolsVersion="4.0" xmlns="http://schemas.microsoft.com/developer/msbuild/2003">
  <ItemGroup>
    <Filter Include="Source Files">
      <UniqueIdentifier>{4FC737F1-C7A5-4376-A066-2A32D752A2FF}</UniqueIdentifier>
      <Extensions>cpp;c;cc;cxx;def;odl;idl;hpj;bat;asm;asmx</Extensions>
    </Filter>
    <Filter Include="Header Files">
      <UniqueIdentifier>{93995380-89BD-4b04-88EB-625FBE52EBFB}</UniqueIdentifier>
      <Extensions>h;hh;hpp;hxx;hm;inl;inc;xsd</Extensions>
    </Filter>
    <Filter Include="Resource Files">
      <UniqueIdentifier>{67DA6AB6-F800-4c08-8B7A-83BB121AAD01}</UniqueIdentifier>
      <Extensions>rc;ico;cur;bmp;dlg;rc2;rct;bin;rgs;gif;jpg;jpeg;jpe;resx;tiff;tif;png;wav;mfcribbon-ms</Extensions>
    </Filter>
    <Filter Include="Resource Files\Audio">
      <UniqueIdentifier>{89d39faa-8e01-4965-b42d-3d55fb08e1a0}</UniqueIdentifier>
    </Filter>
    <Filter Include="Source Files\Systems">
      <UniqueIdentifier>{379c3151-14f2-4e57-a9ea-4f7d52233b9b}</UniqueIdentifier>
    </Filter>
    <Filter Include="Source Files\entityx">
      <UniqueIdentifier>{e89ea033-9d6b-44a7-b0d8-19657f3b1066}</UniqueIdentifier>
    </Filter>
    <Filter Include="Source Files\entityx\help">
      <UniqueIdentifier>{509c3255-7388-4538-9319-2156197bd1db}</UniqueIdentifier>
    </Filter>
    <Filter Include="Header Files\entityx">
      <UniqueIdentifier>{7d1ec077-d512-4c0c-9bb0-526c24643353}</UniqueIdentifier>
    </Filter>
    <Filter Include="Header Files\entityx\help">
      <UniqueIdentifier>{411c6774-d7e9-4e58-a1fe-c1509293464c}</UniqueIdentifier>
    </Filter>
    <Filter Include="Header Files\entityx\tags">
      <UniqueIdentifier>{e9e7d7db-b62e-4461-8d4d-d36e80fbbb75}</UniqueIdentifier>
    </Filter>
    <Filter Include="Header Files\entityx\deps">
      <UniqueIdentifier>{0dd889c4-222c-45c8-8d69-e48e698b8c7a}</UniqueIdentifier>
    </Filter>
    <Filter Include="Header Files\entityx\3rdparty">
      <UniqueIdentifier>{27a82abc-f830-48ea-822d-f2295a54178f}</UniqueIdentifier>
    </Filter>
    <Filter Include="Header Files\Systems">
      <UniqueIdentifier>{3b37b1c5-3a5c-4e98-aa77-907f480db285}</UniqueIdentifier>
    </Filter>
    <Filter Include="Resource Files\Textures">
      <UniqueIdentifier>{e0001dcf-0d8b-4bfe-8042-eaba917e474a}</UniqueIdentifier>
    </Filter>
    <Filter Include="Resource Files\Fonts">
      <UniqueIdentifier>{862a91af-6fbc-4ed4-8c05-f11a42e94375}</UniqueIdentifier>
    </Filter>
    <Filter Include="Resource Files\XML">
      <UniqueIdentifier>{a18dc733-2c98-4cbb-87d2-25b42a705c74}</UniqueIdentifier>
    </Filter>
  </ItemGroup>
  <ItemGroup>
    <ClCompile Include="main.cpp">
      <Filter>Source Files</Filter>
    </ClCompile>
    <ClCompile Include="entityx-master\entityx\Entity.cc">
      <Filter>Source Files\entityx</Filter>
    </ClCompile>
    <ClCompile Include="entityx-master\entityx\Event.cc">
      <Filter>Source Files\entityx</Filter>
    </ClCompile>
    <ClCompile Include="entityx-master\entityx\System.cc">
      <Filter>Source Files\entityx</Filter>
    </ClCompile>
    <ClCompile Include="entityx-master\entityx\help\Pool.cc">
      <Filter>Source Files\entityx\help</Filter>
    </ClCompile>
    <ClCompile Include="entityx-master\entityx\help\Timer.cc">
      <Filter>Source Files\entityx\help</Filter>
    </ClCompile>
    <ClCompile Include="AudioSystem.cpp">
      <Filter>Source Files\Systems</Filter>
    </ClCompile>
    <ClCompile Include="CollisionSystem.cpp">
      <Filter>Source Files\Systems</Filter>
    </ClCompile>
    <ClCompile Include="MovementSystem.cpp">
      <Filter>Source Files\Systems</Filter>
    </ClCompile>
    <ClCompile Include="RenderingSystem.cpp">
      <Filter>Source Files\Systems</Filter>
    </ClCompile>
    <ClCompile Include="InputSystem.cpp">
      <Filter>Source Files\Systems</Filter>
    </ClCompile>
    <ClCompile Include="tinyxml2.cpp">
      <Filter>Source Files</Filter>
    </ClCompile>
    <ClCompile Include="TimerSystem.cpp">
      <Filter>Source Files\Systems</Filter>
    </ClCompile>
  </ItemGroup>
  <ItemGroup>
    <ClInclude Include="EventLibrary.h">
      <Filter>Header Files</Filter>
    </ClInclude>
    <ClInclude Include="ComponentLibrary.h">
      <Filter>Header Files</Filter>
    </ClInclude>
    <ClInclude Include="Common.h">
      <Filter>Header Files</Filter>
    </ClInclude>
    <ClInclude Include="EntityLibrary.h">
      <Filter>Header Files</Filter>
    </ClInclude>
    <ClInclude Include="entityx\config.h">
      <Filter>Header Files\entityx</Filter>
    </ClInclude>
    <ClInclude Include="entityx\Entity.h">
      <Filter>Header Files\entityx</Filter>
    </ClInclude>
    <ClInclude Include="entityx\entityx.h">
      <Filter>Header Files\entityx</Filter>
    </ClInclude>
    <ClInclude Include="entityx\Event.h">
      <Filter>Header Files\entityx</Filter>
    </ClInclude>
    <ClInclude Include="entityx\quick.h">
      <Filter>Header Files\entityx</Filter>
    </ClInclude>
    <ClInclude Include="entityx\System.h">
      <Filter>Header Files\entityx</Filter>
    </ClInclude>
    <ClInclude Include="entityx\tags\TagsComponent.h">
      <Filter>Header Files\entityx\tags</Filter>
    </ClInclude>
    <ClInclude Include="entityx\help\NonCopyable.h">
      <Filter>Header Files\entityx\help</Filter>
    </ClInclude>
    <ClInclude Include="entityx\help\Pool.h">
      <Filter>Header Files\entityx\help</Filter>
    </ClInclude>
    <ClInclude Include="entityx\help\Timer.h">
      <Filter>Header Files\entityx\help</Filter>
    </ClInclude>
    <ClInclude Include="entityx\deps\Dependencies.h">
      <Filter>Header Files\entityx\deps</Filter>
    </ClInclude>
    <ClInclude Include="entityx\3rdparty\catch.hpp">
      <Filter>Header Files\entityx\3rdparty</Filter>
    </ClInclude>
    <ClInclude Include="entityx\3rdparty\simplesignal.h">
      <Filter>Header Files\entityx\3rdparty</Filter>
    </ClInclude>
    <ClInclude Include="AudioSystem.h">
      <Filter>Header Files\Systems</Filter>
    </ClInclude>
    <ClInclude Include="CollisionSystem.h">
      <Filter>Header Files\Systems</Filter>
    </ClInclude>
    <ClInclude Include="MovementSystem.h">
      <Filter>Header Files\Systems</Filter>
    </ClInclude>
    <ClInclude Include="RenderingSystem.h">
      <Filter>Header Files\Systems</Filter>
    </ClInclude>
    <ClInclude Include="TimerSystem.h">
      <Filter>Header Files\Systems</Filter>
    </ClInclude>
    <ClInclude Include="InputSystem.h">
      <Filter>Header Files\Systems</Filter>
    </ClInclude>
    <ClInclude Include="tinyxml2.h">
      <Filter>Header Files</Filter>
    </ClInclude>
  </ItemGroup>
  <ItemGroup>
    <None Include="Resources\Audio\Sounds\choose.ogg">
      <Filter>Resource Files\Audio</Filter>
    </None>
  </ItemGroup>
  <ItemGroup>
    <Font Include="Resources\Fonts\black_jack.ttf">
      <Filter>Resource Files\Fonts</Filter>
    </Font>
  </ItemGroup>
  <ItemGroup>
    <Image Include="Resources\Textures\BlueDot_damaged.png">
      <Filter>Resource Files\Textures</Filter>
    </Image>
    <Image Include="Resources\Textures\BlueDot_vibrating.png">
      <Filter>Resource Files\Textures</Filter>
    </Image>
    <Image Include="Resources\Textures\YellowGreenBorderBox.png">
      <Filter>Resource Files\Textures</Filter>
    </Image>
  </ItemGroup>
</Project>